// !$*UTF8*$!
{
	archiveVersion = 1;
	classes = {
	};
	objectVersion = 46;
	objects = {

/* Begin PBXBuildFile section */
		94118F6B6A84A12BA63FA4B6 /* Pods.framework in Frameworks */ = {isa = PBXBuildFile; fileRef = C0227C919866967A4A80978B /* Pods.framework */; settings = {ATTRIBUTES = (Weak, ); }; };
		994883971ACDAC5000A6E374 /* SwiftyJSON.swift in Sources */ = {isa = PBXBuildFile; fileRef = 994883961ACDAC5000A6E374 /* SwiftyJSON.swift */; };
		994883991ACDACE600A6E374 /* getLibraryData.swift in Sources */ = {isa = PBXBuildFile; fileRef = 994883981ACDACE600A6E374 /* getLibraryData.swift */; };
		9951B9E21ACDAA74007D8D06 /* AppDelegate.swift in Sources */ = {isa = PBXBuildFile; fileRef = 9951B9E11ACDAA74007D8D06 /* AppDelegate.swift */; };
		9951B9E41ACDAA74007D8D06 /* ViewController.swift in Sources */ = {isa = PBXBuildFile; fileRef = 9951B9E31ACDAA74007D8D06 /* ViewController.swift */; };
		9951B9E71ACDAA74007D8D06 /* Main.storyboard in Resources */ = {isa = PBXBuildFile; fileRef = 9951B9E51ACDAA74007D8D06 /* Main.storyboard */; };
		9951B9E91ACDAA74007D8D06 /* Images.xcassets in Resources */ = {isa = PBXBuildFile; fileRef = 9951B9E81ACDAA74007D8D06 /* Images.xcassets */; };
		9951B9EC1ACDAA74007D8D06 /* LaunchScreen.xib in Resources */ = {isa = PBXBuildFile; fileRef = 9951B9EA1ACDAA74007D8D06 /* LaunchScreen.xib */; };
		9951B9F81ACDAA74007D8D06 /* Library_InfoTests.swift in Sources */ = {isa = PBXBuildFile; fileRef = 9951B9F71ACDAA74007D8D06 /* Library_InfoTests.swift */; };
/* End PBXBuildFile section */

/* Begin PBXContainerItemProxy section */
		9951B9F21ACDAA74007D8D06 /* PBXContainerItemProxy */ = {
			isa = PBXContainerItemProxy;
			containerPortal = 9951B9D41ACDAA74007D8D06 /* Project object */;
			proxyType = 1;
			remoteGlobalIDString = 9951B9DB1ACDAA74007D8D06;
			remoteInfo = Library_Info;
		};
/* End PBXContainerItemProxy section */

/* Begin PBXFileReference section */
		6FAE17EF92911DDA6B40C6DB /* Pods.release.xcconfig */ = {isa = PBXFileReference; includeInIndex = 1; lastKnownFileType = text.xcconfig; name = Pods.release.xcconfig; path = "Pods/Target Support Files/Pods/Pods.release.xcconfig"; sourceTree = "<group>"; };
		994883961ACDAC5000A6E374 /* SwiftyJSON.swift */ = {isa = PBXFileReference; fileEncoding = 4; lastKnownFileType = sourcecode.swift; path = SwiftyJSON.swift; sourceTree = "<group>"; };
		994883981ACDACE600A6E374 /* getLibraryData.swift */ = {isa = PBXFileReference; fileEncoding = 4; lastKnownFileType = sourcecode.swift; path = getLibraryData.swift; sourceTree = "<group>"; };
		9951B9DC1ACDAA74007D8D06 /* Library_Info.app */ = {isa = PBXFileReference; explicitFileType = wrapper.application; includeInIndex = 0; path = Library_Info.app; sourceTree = BUILT_PRODUCTS_DIR; };
		9951B9E01ACDAA74007D8D06 /* Info.plist */ = {isa = PBXFileReference; lastKnownFileType = text.plist.xml; path = Info.plist; sourceTree = "<group>"; };
		9951B9E11ACDAA74007D8D06 /* AppDelegate.swift */ = {isa = PBXFileReference; lastKnownFileType = sourcecode.swift; path = AppDelegate.swift; sourceTree = "<group>"; };
		9951B9E31ACDAA74007D8D06 /* ViewController.swift */ = {isa = PBXFileReference; lastKnownFileType = sourcecode.swift; path = ViewController.swift; sourceTree = "<group>"; };
		9951B9E61ACDAA74007D8D06 /* Base */ = {isa = PBXFileReference; lastKnownFileType = file.storyboard; name = Base; path = Base.lproj/Main.storyboard; sourceTree = "<group>"; };
		9951B9E81ACDAA74007D8D06 /* Images.xcassets */ = {isa = PBXFileReference; lastKnownFileType = folder.assetcatalog; path = Images.xcassets; sourceTree = "<group>"; };
		9951B9EB1ACDAA74007D8D06 /* Base */ = {isa = PBXFileReference; lastKnownFileType = file.xib; name = Base; path = Base.lproj/LaunchScreen.xib; sourceTree = "<group>"; };
		9951B9F11ACDAA74007D8D06 /* Library_InfoTests.xctest */ = {isa = PBXFileReference; explicitFileType = wrapper.cfbundle; includeInIndex = 0; path = Library_InfoTests.xctest; sourceTree = BUILT_PRODUCTS_DIR; };
		9951B9F61ACDAA74007D8D06 /* Info.plist */ = {isa = PBXFileReference; lastKnownFileType = text.plist.xml; path = Info.plist; sourceTree = "<group>"; };
		9951B9F71ACDAA74007D8D06 /* Library_InfoTests.swift */ = {isa = PBXFileReference; lastKnownFileType = sourcecode.swift; path = Library_InfoTests.swift; sourceTree = "<group>"; };
		C0227C919866967A4A80978B /* Pods.framework */ = {isa = PBXFileReference; explicitFileType = wrapper.framework; includeInIndex = 0; path = Pods.framework; sourceTree = BUILT_PRODUCTS_DIR; };
		E2E6E3E032A547C85C34126E /* Pods.debug.xcconfig */ = {isa = PBXFileReference; includeInIndex = 1; lastKnownFileType = text.xcconfig; name = Pods.debug.xcconfig; path = "Pods/Target Support Files/Pods/Pods.debug.xcconfig"; sourceTree = "<group>"; };
/* End PBXFileReference section */

/* Begin PBXFrameworksBuildPhase section */
		9951B9D91ACDAA74007D8D06 /* Frameworks */ = {
			isa = PBXFrameworksBuildPhase;
			buildActionMask = 2147483647;
			files = (
				94118F6B6A84A12BA63FA4B6 /* Pods.framework in Frameworks */,
			);
			runOnlyForDeploymentPostprocessing = 0;
		};
		9951B9EE1ACDAA74007D8D06 /* Frameworks */ = {
			isa = PBXFrameworksBuildPhase;
			buildActionMask = 2147483647;
			files = (
			);
			runOnlyForDeploymentPostprocessing = 0;
		};
/* End PBXFrameworksBuildPhase section */

/* Begin PBXGroup section */
		7C1B4C15219F681E57826D12 /* Frameworks */ = {
			isa = PBXGroup;
			children = (
				C0227C919866967A4A80978B /* Pods.framework */,
			);
			name = Frameworks;
			sourceTree = "<group>";
		};
		9951B9D31ACDAA74007D8D06 = {
			isa = PBXGroup;
			children = (
				9951B9DE1ACDAA74007D8D06 /* Library_Info */,
				9951B9F41ACDAA74007D8D06 /* Library_InfoTests */,
				9951B9DD1ACDAA74007D8D06 /* Products */,
				F0EC24A7BDBE665774586BA5 /* Pods */,
				7C1B4C15219F681E57826D12 /* Frameworks */,
			);
			sourceTree = "<group>";
		};
		9951B9DD1ACDAA74007D8D06 /* Products */ = {
			isa = PBXGroup;
			children = (
				9951B9DC1ACDAA74007D8D06 /* Library_Info.app */,
				9951B9F11ACDAA74007D8D06 /* Library_InfoTests.xctest */,
			);
			name = Products;
			sourceTree = "<group>";
		};
		9951B9DE1ACDAA74007D8D06 /* Library_Info */ = {
			isa = PBXGroup;
			children = (
				9951B9E31ACDAA74007D8D06 /* ViewController.swift */,
				994883981ACDACE600A6E374 /* getLibraryData.swift */,
				9951B9E51ACDAA74007D8D06 /* Main.storyboard */,
				9951B9DF1ACDAA74007D8D06 /* Supporting Files */,
			);
			path = Library_Info;
			sourceTree = "<group>";
		};
		9951B9DF1ACDAA74007D8D06 /* Supporting Files */ = {
			isa = PBXGroup;
			children = (
				9951B9EA1ACDAA74007D8D06 /* LaunchScreen.xib */,
				9951B9E81ACDAA74007D8D06 /* Images.xcassets */,
				994883961ACDAC5000A6E374 /* SwiftyJSON.swift */,
				9951B9E11ACDAA74007D8D06 /* AppDelegate.swift */,
				9951B9E01ACDAA74007D8D06 /* Info.plist */,
			);
			name = "Supporting Files";
			sourceTree = "<group>";
		};
		9951B9F41ACDAA74007D8D06 /* Library_InfoTests */ = {
			isa = PBXGroup;
			children = (
				9951B9F71ACDAA74007D8D06 /* Library_InfoTests.swift */,
				9951B9F51ACDAA74007D8D06 /* Supporting Files */,
			);
			path = Library_InfoTests;
			sourceTree = "<group>";
		};
		9951B9F51ACDAA74007D8D06 /* Supporting Files */ = {
			isa = PBXGroup;
			children = (
				9951B9F61ACDAA74007D8D06 /* Info.plist */,
			);
			name = "Supporting Files";
			sourceTree = "<group>";
		};
		F0EC24A7BDBE665774586BA5 /* Pods */ = {
			isa = PBXGroup;
			children = (
				E2E6E3E032A547C85C34126E /* Pods.debug.xcconfig */,
				6FAE17EF92911DDA6B40C6DB /* Pods.release.xcconfig */,
			);
			name = Pods;
			sourceTree = "<group>";
		};
/* End PBXGroup section */

/* Begin PBXNativeTarget section */
		9951B9DB1ACDAA74007D8D06 /* Library_Info */ = {
			isa = PBXNativeTarget;
			buildConfigurationList = 9951B9FB1ACDAA74007D8D06 /* Build configuration list for PBXNativeTarget "Library_Info" */;
			buildPhases = (
				BC844FEB208DB54A598FB835 /* Check Pods Manifest.lock */,
				9951B9D81ACDAA74007D8D06 /* Sources */,
				9951B9D91ACDAA74007D8D06 /* Frameworks */,
				9951B9DA1ACDAA74007D8D06 /* Resources */,
				C43D0CC4138A732C55B7BAEE /* Embed Pods Frameworks */,
				30E0F667C14C36BEDD66492E /* Copy Pods Resources */,
			);
			buildRules = (
			);
			dependencies = (
			);
			name = Library_Info;
			productName = Library_Info;
			productReference = 9951B9DC1ACDAA74007D8D06 /* Library_Info.app */;
			productType = "com.apple.product-type.application";
		};
		9951B9F01ACDAA74007D8D06 /* Library_InfoTests */ = {
			isa = PBXNativeTarget;
			buildConfigurationList = 9951B9FE1ACDAA74007D8D06 /* Build configuration list for PBXNativeTarget "Library_InfoTests" */;
			buildPhases = (
				9951B9ED1ACDAA74007D8D06 /* Sources */,
				9951B9EE1ACDAA74007D8D06 /* Frameworks */,
				9951B9EF1ACDAA74007D8D06 /* Resources */,
			);
			buildRules = (
			);
			dependencies = (
				9951B9F31ACDAA74007D8D06 /* PBXTargetDependency */,
			);
			name = Library_InfoTests;
			productName = Library_InfoTests;
			productReference = 9951B9F11ACDAA74007D8D06 /* Library_InfoTests.xctest */;
			productType = "com.apple.product-type.bundle.unit-test";
		};
/* End PBXNativeTarget section */

/* Begin PBXProject section */
		9951B9D41ACDAA74007D8D06 /* Project object */ = {
			isa = PBXProject;
			attributes = {
				LastUpgradeCheck = 0620;
				ORGANIZATIONNAME = " Lrcray";
				TargetAttributes = {
					9951B9DB1ACDAA74007D8D06 = {
						CreatedOnToolsVersion = 6.2;
					};
					9951B9F01ACDAA74007D8D06 = {
						CreatedOnToolsVersion = 6.2;
						TestTargetID = 9951B9DB1ACDAA74007D8D06;
					};
				};
			};
			buildConfigurationList = 9951B9D71ACDAA74007D8D06 /* Build configuration list for PBXProject "Library_Info" */;
			compatibilityVersion = "Xcode 3.2";
			developmentRegion = English;
			hasScannedForEncodings = 0;
			knownRegions = (
				en,
				Base,
			);
			mainGroup = 9951B9D31ACDAA74007D8D06;
			productRefGroup = 9951B9DD1ACDAA74007D8D06 /* Products */;
			projectDirPath = "";
			projectRoot = "";
			targets = (
				9951B9DB1ACDAA74007D8D06 /* Library_Info */,
				9951B9F01ACDAA74007D8D06 /* Library_InfoTests */,
			);
		};
/* End PBXProject section */

/* Begin PBXResourcesBuildPhase section */
		9951B9DA1ACDAA74007D8D06 /* Resources */ = {
			isa = PBXResourcesBuildPhase;
			buildActionMask = 2147483647;
			files = (
				9951B9E71ACDAA74007D8D06 /* Main.storyboard in Resources */,
				9951B9EC1ACDAA74007D8D06 /* LaunchScreen.xib in Resources */,
				9951B9E91ACDAA74007D8D06 /* Images.xcassets in Resources */,
			);
			runOnlyForDeploymentPostprocessing = 0;
		};
		9951B9EF1ACDAA74007D8D06 /* Resources */ = {
			isa = PBXResourcesBuildPhase;
			buildActionMask = 2147483647;
			files = (
			);
			runOnlyForDeploymentPostprocessing = 0;
		};
/* End PBXResourcesBuildPhase section */

/* Begin PBXShellScriptBuildPhase section */
		30E0F667C14C36BEDD66492E /* Copy Pods Resources */ = {
			isa = PBXShellScriptBuildPhase;
			buildActionMask = 2147483647;
			files = (
			);
			inputPaths = (
			);
			name = "Copy Pods Resources";
			outputPaths = (
			);
			runOnlyForDeploymentPostprocessing = 0;
			shellPath = /bin/sh;
			shellScript = "\"${SRCROOT}/Pods/Target Support Files/Pods/Pods-resources.sh\"\n";
			showEnvVarsInLog = 0;
		};
		BC844FEB208DB54A598FB835 /* Check Pods Manifest.lock */ = {
			isa = PBXShellScriptBuildPhase;
			buildActionMask = 2147483647;
			files = (
			);
			inputPaths = (
			);
			name = "Check Pods Manifest.lock";
			outputPaths = (
			);
			runOnlyForDeploymentPostprocessing = 0;
			shellPath = /bin/sh;
			shellScript = "diff \"${PODS_ROOT}/../Podfile.lock\" \"${PODS_ROOT}/Manifest.lock\" > /dev/null\nif [[ $? != 0 ]] ; then\n    cat << EOM\nerror: The sandbox is not in sync with the Podfile.lock. Run 'pod install' or update your CocoaPods installation.\nEOM\n    exit 1\nfi\n";
			showEnvVarsInLog = 0;
		};
		C43D0CC4138A732C55B7BAEE /* Embed Pods Frameworks */ = {
			isa = PBXShellScriptBuildPhase;
			buildActionMask = 2147483647;
			files = (
			);
			inputPaths = (
			);
			name = "Embed Pods Frameworks";
			outputPaths = (
			);
			runOnlyForDeploymentPostprocessing = 0;
			shellPath = /bin/sh;
			shellScript = "\"${SRCROOT}/Pods/Target Support Files/Pods/Pods-frameworks.sh\"\n";
			showEnvVarsInLog = 0;
		};
/* End PBXShellScriptBuildPhase section */

/* Begin PBXSourcesBuildPhase section */
		9951B9D81ACDAA74007D8D06 /* Sources */ = {
			isa = PBXSourcesBuildPhase;
			buildActionMask = 2147483647;
			files = (
				994883971ACDAC5000A6E374 /* SwiftyJSON.swift in Sources */,
				9951B9E41ACDAA74007D8D06 /* ViewController.swift in Sources */,
				994883991ACDACE600A6E374 /* getLibraryData.swift in Sources */,
				9951B9E21ACDAA74007D8D06 /* AppDelegate.swift in Sources */,
			);
			runOnlyForDeploymentPostprocessing = 0;
		};
		9951B9ED1ACDAA74007D8D06 /* Sources */ = {
			isa = PBXSourcesBuildPhase;
			buildActionMask = 2147483647;
			files = (
				9951B9F81ACDAA74007D8D06 /* Library_InfoTests.swift in Sources */,
			);
			runOnlyForDeploymentPostprocessing = 0;
		};
/* End PBXSourcesBuildPhase section */

/* Begin PBXTargetDependency section */
		9951B9F31ACDAA74007D8D06 /* PBXTargetDependency */ = {
			isa = PBXTargetDependency;
			target = 9951B9DB1ACDAA74007D8D06 /* Library_Info */;
			targetProxy = 9951B9F21ACDAA74007D8D06 /* PBXContainerItemProxy */;
		};
/* End PBXTargetDependency section */

/* Begin PBXVariantGroup section */
		9951B9E51ACDAA74007D8D06 /* Main.storyboard */ = {
			isa = PBXVariantGroup;
			children = (
				9951B9E61ACDAA74007D8D06 /* Base */,
			);
			name = Main.storyboard;
			sourceTree = "<group>";
		};
		9951B9EA1ACDAA74007D8D06 /* LaunchScreen.xib */ = {
			isa = PBXVariantGroup;
			children = (
				9951B9EB1ACDAA74007D8D06 /* Base */,
			);
			name = LaunchScreen.xib;
			sourceTree = "<group>";
		};
/* End PBXVariantGroup section */

/* Begin XCBuildConfiguration section */
		9951B9F91ACDAA74007D8D06 /* Debug */ = {
			isa = XCBuildConfiguration;
			buildSettings = {
				ALWAYS_SEARCH_USER_PATHS = NO;
				CLANG_CXX_LANGUAGE_STANDARD = "gnu++0x";
				CLANG_CXX_LIBRARY = "libc++";
				CLANG_ENABLE_MODULES = YES;
				CLANG_ENABLE_OBJC_ARC = YES;
				CLANG_WARN_BOOL_CONVERSION = YES;
				CLANG_WARN_CONSTANT_CONVERSION = YES;
				CLANG_WARN_DIRECT_OBJC_ISA_USAGE = YES_ERROR;
				CLANG_WARN_EMPTY_BODY = YES;
				CLANG_WARN_ENUM_CONVERSION = YES;
				CLANG_WARN_INT_CONVERSION = YES;
				CLANG_WARN_OBJC_ROOT_CLASS = YES_ERROR;
				CLANG_WARN_UNREACHABLE_CODE = YES;
				CLANG_WARN__DUPLICATE_METHOD_MATCH = YES;
				"CODE_SIGN_IDENTITY[sdk=iphoneos*]" = "iPhone Developer";
				COPY_PHASE_STRIP = NO;
				ENABLE_STRICT_OBJC_MSGSEND = YES;
				GCC_C_LANGUAGE_STANDARD = gnu99;
				GCC_DYNAMIC_NO_PIC = NO;
				GCC_OPTIMIZATION_LEVEL = 0;
				GCC_PREPROCESSOR_DEFINITIONS = (
					"DEBUG=1",
					"$(inherited)",
				);
				GCC_SYMBOLS_PRIVATE_EXTERN = NO;
				GCC_WARN_64_TO_32_BIT_CONVERSION = YES;
				GCC_WARN_ABOUT_RETURN_TYPE = YES_ERROR;
				GCC_WARN_UNDECLARED_SELECTOR = YES;
				GCC_WARN_UNINITIALIZED_AUTOS = YES_AGGRESSIVE;
				GCC_WARN_UNUSED_FUNCTION = YES;
				GCC_WARN_UNUSED_VARIABLE = YES;
				IPHONEOS_DEPLOYMENT_TARGET = 8.2;
				MTL_ENABLE_DEBUG_INFO = YES;
				ONLY_ACTIVE_ARCH = YES;
				SDKROOT = iphoneos;
				SWIFT_OPTIMIZATION_LEVEL = "-Onone";
			};
			name = Debug;
		};
		9951B9FA1ACDAA74007D8D06 /* Release */ = {
			isa = XCBuildConfiguration;
			buildSettings = {
				ALWAYS_SEARCH_USER_PATHS = NO;
				CLANG_CXX_LANGUAGE_STANDARD = "gnu++0x";
				CLANG_CXX_LIBRARY = "libc++";
				CLANG_ENABLE_MODULES = YES;
				CLANG_ENABLE_OBJC_ARC = YES;
				CLANG_WARN_BOOL_CONVERSION = YES;
				CLANG_WARN_CONSTANT_CONVERSION = YES;
				CLANG_WARN_DIRECT_OBJC_ISA_USAGE = YES_ERROR;
				CLANG_WARN_EMPTY_BODY = YES;
				CLANG_WARN_ENUM_CONVERSION = YES;
				CLANG_WARN_INT_CONVERSION = YES;
				CLANG_WARN_OBJC_ROOT_CLASS = YES_ERROR;
				CLANG_WARN_UNREACHABLE_CODE = YES;
				CLANG_WARN__DUPLICATE_METHOD_MATCH = YES;
				"CODE_SIGN_IDENTITY[sdk=iphoneos*]" = "iPhone Developer";
				COPY_PHASE_STRIP = NO;
				ENABLE_NS_ASSERTIONS = NO;
				ENABLE_STRICT_OBJC_MSGSEND = YES;
				GCC_C_LANGUAGE_STANDARD = gnu99;
				GCC_WARN_64_TO_32_BIT_CONVERSION = YES;
				GCC_WARN_ABOUT_RETURN_TYPE = YES_ERROR;
				GCC_WARN_UNDECLARED_SELECTOR = YES;
				GCC_WARN_UNINITIALIZED_AUTOS = YES_AGGRESSIVE;
				GCC_WARN_UNUSED_FUNCTION = YES;
				GCC_WARN_UNUSED_VARIABLE = YES;
				IPHONEOS_DEPLOYMENT_TARGET = 8.2;
				MTL_ENABLE_DEBUG_INFO = NO;
				SDKROOT = iphoneos;
				VALIDATE_PRODUCT = YES;
			};
			name = Release;
		};
		9951B9FC1ACDAA74007D8D06 /* Debug */ = {
			isa = XCBuildConfiguration;
			baseConfigurationReference = E2E6E3E032A547C85C34126E /* Pods.debug.xcconfig */;
			buildSettings = {
				ASSETCATALOG_COMPILER_APPICON_NAME = AppIcon;
				INFOPLIST_FILE = Library_Info/Info.plist;
				LD_RUNPATH_SEARCH_PATHS = "$(inherited) @executable_path/Frameworks";
				PRODUCT_NAME = "$(TARGET_NAME)";
			};
			name = Debug;
		};
		9951B9FD1ACDAA74007D8D06 /* Release */ = {
			isa = XCBuildConfiguration;
			baseConfigurationReference = 6FAE17EF92911DDA6B40C6DB /* Pods.release.xcconfig */;
			buildSettings = {
				ASSETCATALOG_COMPILER_APPICON_NAME = AppIcon;
				INFOPLIST_FILE = Library_Info/Info.plist;
				LD_RUNPATH_SEARCH_PATHS = "$(inherited) @executable_path/Frameworks";
				PRODUCT_NAME = "$(TARGET_NAME)";
			};
			name = Release;
		};
		9951B9FF1ACDAA74007D8D06 /* Debug */ = {
			isa = XCBuildConfiguration;
			buildSettings = {
				BUNDLE_LOADER = "$(TEST_HOST)";
				FRAMEWORK_SEARCH_PATHS = (
					"$(SDKROOT)/Developer/Library/Frameworks",
					"$(inherited)",
				);
				GCC_PREPROCESSOR_DEFINITIONS = (
					"DEBUG=1",
					"$(inherited)",
				);
				INFOPLIST_FILE = Library_InfoTests/Info.plist;
				LD_RUNPATH_SEARCH_PATHS = "$(inherited) @executable_path/Frameworks @loader_path/Frameworks";
				PRODUCT_NAME = "$(TARGET_NAME)";
				TEST_HOST = "$(BUILT_PRODUCTS_DIR)/Library_Info.app/Library_Info";
			};
			name = Debug;
		};
		9951BA001ACDAA74007D8D06 /* Release */ = {
			isa = XCBuildConfiguration;
			buildSettings = {
				BUNDLE_LOADER = "$(TEST_HOST)";
				FRAMEWORK_SEARCH_PATHS = (
					"$(SDKROOT)/Developer/Library/Frameworks",
					"$(inherited)",
				);
				INFOPLIST_FILE = Library_InfoTests/Info.plist;
				LD_RUNPATH_SEARCH_PATHS = "$(inherited) @executable_path/Frameworks @loader_path/Frameworks";
				PRODUCT_NAME = "$(TARGET_NAME)";
				TEST_HOST = "$(BUILT_PRODUCTS_DIR)/Library_Info.app/Library_Info";
			};
			name = Release;
		};
/* End XCBuildConfiguration section */

/* Begin XCConfigurationList section */
		9951B9D71ACDAA74007D8D06 /* Build configuration list for PBXProject "Library_Info" */ = {
			isa = XCConfigurationList;
			buildConfigurations = (
				9951B9F91ACDAA74007D8D06 /* Debug */,
				9951B9FA1ACDAA74007D8D06 /* Release */,
			);
			defaultConfigurationIsVisible = 0;
			defaultConfigurationName = Release;
		};
		9951B9FB1ACDAA74007D8D06 /* Build configuration list for PBXNativeTarget "Library_Info" */ = {
			isa = XCConfigurationList;
			buildConfigurations = (
				9951B9FC1ACDAA74007D8D06 /* Debug */,
				9951B9FD1ACDAA74007D8D06 /* Release */,
			);
			defaultConfigurationIsVisible = 0;
			defaultConfigurationName = Release;
		};
		9951B9FE1ACDAA74007D8D06 /* Build configuration list for PBXNativeTarget "Library_InfoTests" */ = {
			isa = XCConfigurationList;
			buildConfigurations = (
				9951B9FF1ACDAA74007D8D06 /* Debug */,
				9951BA001ACDAA74007D8D06 /* Release */,
			);
			defaultConfigurationIsVisible = 0;
			defaultConfigurationName = Release;
		};
/* End XCConfigurationList section */
	};
	rootObject = 9951B9D41ACDAA74007D8D06 /* Project object */;
}
